
Microsoft Visual Studio Solution File, Format Version 12.00
# Visual Studio Version 17
VisualStudioVersion = 17.3.32804.467
MinimumVisualStudioVersion = 10.0.40219.1
Project("{FAE04EC0-301F-11D3-BF4B-00C04F79EFBC}") = "MathParserTest", "MathParserTest\MathParserTest.csproj", "{3B266B7D-9AAB-4407-97E2-394B0D7F3257}"
EndProject
Global
	GlobalSection(SolutionConfigurationPlatforms) = preSolution
		Debug|Any CPU = Debug|Any CPU
		Release|Any CPU = Release|Any CPU
	EndGlobalSection
	GlobalSection(ProjectConfigurationPlatforms) = postSolution
		{3B266B7D-9AAB-4407-97E2-394B0D7F3257}.Debug|Any CPU.ActiveCfg = Debug|Any CPU
		{3B266B7D-9AAB-4407-97E2-394B0D7F3257}.Debug|Any CPU.Build.0 = Debug|Any CPU
		{3B266B7D-9AAB-4407-97E2-394B0D7F3257}.Release|Any CPU.ActiveCfg = Release|Any CPU
		{3B266B7D-9AAB-4407-97E2-394B0D7F3257}.Release|Any CPU.Build.0 = Release|Any CPU
	EndGlobalSection
	GlobalSection(SolutionProperties) = preSolution
		HideSolutionNode = FALSE
	EndGlobalSection
	GlobalSection(ExtensibilityGlobals) = postSolution
		SolutionGuid = {5BF4BAD1-5936-4866-B533-18D0FFB55B65}
	EndGlobalSection
EndGlobal
